{
  "name": "@thrivehive/eslint-config-nuxt",
  "version": "0.1.0",
  "lockfileVersion": 1,
  "requires": true,
  "dependencies": {
    "@thrivehive/eslint-config-node": {
      "version": "1.2.3",
      "resolved": "https://registry.npmjs.org/@thrivehive/eslint-config-node/-/eslint-config-node-1.2.3.tgz",
      "integrity": "sha512-OkGIKbKa5vCYSrwPYhkLt/45oJSN9NmNqGhv4AxApQT0wpDt+lVfh0Hw4sHeDqlZFTfL+EADEPWGxEuhn9cBpw==",
      "dev": true
    }
  }
}
